// !$*UTF8*$!
{
	archiveVersion = 1;
	classes = {
	};
	objectVersion = 56;
	objects = {

/* Begin PBXBuildFile section */
		EC5981C02B18ADF1002D0E50 /* SwiftUIFirebaseChatApp.swift in Sources */ = {isa = PBXBuildFile; fileRef = EC5981BF2B18ADF1002D0E50 /* SwiftUIFirebaseChatApp.swift */; };
		EC5981C22B18ADF1002D0E50 /* LoginView.swift in Sources */ = {isa = PBXBuildFile; fileRef = EC5981C12B18ADF1002D0E50 /* LoginView.swift */; };
		EC5981C42B18ADF2002D0E50 /* Assets.xcassets in Resources */ = {isa = PBXBuildFile; fileRef = EC5981C32B18ADF2002D0E50 /* Assets.xcassets */; };
		EC5981C72B18ADF2002D0E50 /* Preview Assets.xcassets in Resources */ = {isa = PBXBuildFile; fileRef = EC5981C62B18ADF2002D0E50 /* Preview Assets.xcassets */; };
		EC5981CF2B18BCF1002D0E50 /* FirebaseAuth in Frameworks */ = {isa = PBXBuildFile; productRef = EC5981CE2B18BCF1002D0E50 /* FirebaseAuth */; };
		EC5981D12B18BCF1002D0E50 /* FirebaseStorage in Frameworks */ = {isa = PBXBuildFile; productRef = EC5981D02B18BCF1002D0E50 /* FirebaseStorage */; };
		EC5981D32B18BF10002D0E50 /* GoogleService-Info.plist in Resources */ = {isa = PBXBuildFile; fileRef = EC5981D22B18BF10002D0E50 /* GoogleService-Info.plist */; };
		EC5981D52B18C6AF002D0E50 /* ImagePicker.swift in Sources */ = {isa = PBXBuildFile; fileRef = EC5981D42B18C6AF002D0E50 /* ImagePicker.swift */; };
		EC7042302B18DC200037C343 /* FirebaseAuth in Frameworks */ = {isa = PBXBuildFile; productRef = EC70422F2B18DC200037C343 /* FirebaseAuth */; };
		EC7042322B18DC200037C343 /* FirebaseFirestore in Frameworks */ = {isa = PBXBuildFile; productRef = EC7042312B18DC200037C343 /* FirebaseFirestore */; };
		EC7042342B18DC200037C343 /* FirebaseStorage in Frameworks */ = {isa = PBXBuildFile; productRef = EC7042332B18DC200037C343 /* FirebaseStorage */; };
/* End PBXBuildFile section */

/* Begin PBXFileReference section */
		EC5981BC2B18ADF1002D0E50 /* SwiftUIFirebaseChat.app */ = {isa = PBXFileReference; explicitFileType = wrapper.application; includeInIndex = 0; path = SwiftUIFirebaseChat.app; sourceTree = BUILT_PRODUCTS_DIR; };
		EC5981BF2B18ADF1002D0E50 /* SwiftUIFirebaseChatApp.swift */ = {isa = PBXFileReference; lastKnownFileType = sourcecode.swift; path = SwiftUIFirebaseChatApp.swift; sourceTree = "<group>"; };
		EC5981C12B18ADF1002D0E50 /* LoginView.swift */ = {isa = PBXFileReference; lastKnownFileType = sourcecode.swift; path = LoginView.swift; sourceTree = "<group>"; };
		EC5981C32B18ADF2002D0E50 /* Assets.xcassets */ = {isa = PBXFileReference; lastKnownFileType = folder.assetcatalog; path = Assets.xcassets; sourceTree = "<group>"; };
		EC5981C62B18ADF2002D0E50 /* Preview Assets.xcassets */ = {isa = PBXFileReference; lastKnownFileType = folder.assetcatalog; path = "Preview Assets.xcassets"; sourceTree = "<group>"; };
		EC5981D22B18BF10002D0E50 /* GoogleService-Info.plist */ = {isa = PBXFileReference; fileEncoding = 4; lastKnownFileType = text.plist.xml; path = "GoogleService-Info.plist"; sourceTree = "<group>"; };
		EC5981D42B18C6AF002D0E50 /* ImagePicker.swift */ = {isa = PBXFileReference; lastKnownFileType = sourcecode.swift; path = ImagePicker.swift; sourceTree = "<group>"; };
/* End PBXFileReference section */

/* Begin PBXFrameworksBuildPhase section */
		EC5981B92B18ADF1002D0E50 /* Frameworks */ = {
			isa = PBXFrameworksBuildPhase;
			buildActionMask = 2147483647;
			files = (
				EC5981CF2B18BCF1002D0E50 /* FirebaseAuth in Frameworks */,
				EC7042322B18DC200037C343 /* FirebaseFirestore in Frameworks */,
				EC7042302B18DC200037C343 /* FirebaseAuth in Frameworks */,
				EC7042342B18DC200037C343 /* FirebaseStorage in Frameworks */,
				EC5981D12B18BCF1002D0E50 /* FirebaseStorage in Frameworks */,
			);
			runOnlyForDeploymentPostprocessing = 0;
		};
/* End PBXFrameworksBuildPhase section */

/* Begin PBXGroup section */
		EC5981B32B18ADF1002D0E50 = {
			isa = PBXGroup;
			children = (
				EC5981BE2B18ADF1002D0E50 /* SwiftUIFirebaseChat */,
				EC5981BD2B18ADF1002D0E50 /* Products */,
			);
			sourceTree = "<group>";
		};
		EC5981BD2B18ADF1002D0E50 /* Products */ = {
			isa = PBXGroup;
			children = (
				EC5981BC2B18ADF1002D0E50 /* SwiftUIFirebaseChat.app */,
			);
			name = Products;
			sourceTree = "<group>";
		};
		EC5981BE2B18ADF1002D0E50 /* SwiftUIFirebaseChat */ = {
			isa = PBXGroup;
			children = (
				EC5981BF2B18ADF1002D0E50 /* SwiftUIFirebaseChatApp.swift */,
				EC5981C12B18ADF1002D0E50 /* LoginView.swift */,
				EC5981D42B18C6AF002D0E50 /* ImagePicker.swift */,
				EC5981D22B18BF10002D0E50 /* GoogleService-Info.plist */,
				EC5981C32B18ADF2002D0E50 /* Assets.xcassets */,
				EC5981C52B18ADF2002D0E50 /* Preview Content */,
			);
			path = SwiftUIFirebaseChat;
			sourceTree = "<group>";
		};
		EC5981C52B18ADF2002D0E50 /* Preview Content */ = {
			isa = PBXGroup;
			children = (
				EC5981C62B18ADF2002D0E50 /* Preview Assets.xcassets */,
			);
			path = "Preview Content";
			sourceTree = "<group>";
		};
/* End PBXGroup section */

/* Begin PBXNativeTarget section */
		EC5981BB2B18ADF1002D0E50 /* SwiftUIFirebaseChat */ = {
			isa = PBXNativeTarget;
			buildConfigurationList = EC5981CA2B18ADF2002D0E50 /* Build configuration list for PBXNativeTarget "SwiftUIFirebaseChat" */;
			buildPhases = (
				EC5981B82B18ADF1002D0E50 /* Sources */,
				EC5981B92B18ADF1002D0E50 /* Frameworks */,
				EC5981BA2B18ADF1002D0E50 /* Resources */,
			);
			buildRules = (
			);
			dependencies = (
			);
			name = SwiftUIFirebaseChat;
			packageProductDependencies = (
				EC5981CE2B18BCF1002D0E50 /* FirebaseAuth */,
				EC5981D02B18BCF1002D0E50 /* FirebaseStorage */,
				EC70422F2B18DC200037C343 /* FirebaseAuth */,
				EC7042312B18DC200037C343 /* FirebaseFirestore */,
				EC7042332B18DC200037C343 /* FirebaseStorage */,
			);
			productName = SwiftUIFirebaseChat;
			productReference = EC5981BC2B18ADF1002D0E50 /* SwiftUIFirebaseChat.app */;
			productType = "com.apple.product-type.application";
		};
/* End PBXNativeTarget section */

/* Begin PBXProject section */
		EC5981B42B18ADF1002D0E50 /* Project object */ = {
			isa = PBXProject;
			attributes = {
				BuildIndependentTargetsInParallel = 1;
				LastSwiftUpdateCheck = 1500;
				LastUpgradeCheck = 1500;
				TargetAttributes = {
					EC5981BB2B18ADF1002D0E50 = {
						CreatedOnToolsVersion = 15.0.1;
					};
				};
			};
			buildConfigurationList = EC5981B72B18ADF1002D0E50 /* Build configuration list for PBXProject "SwiftUIFirebaseChat" */;
			compatibilityVersion = "Xcode 14.0";
			developmentRegion = en;
			hasScannedForEncodings = 0;
			knownRegions = (
				en,
				Base,
			);
			mainGroup = EC5981B32B18ADF1002D0E50;
			packageReferences = (
				EC5981CD2B18BCF1002D0E50 /* XCRemoteSwiftPackageReference "firebase-ios-sdk" */,
			);
			productRefGroup = EC5981BD2B18ADF1002D0E50 /* Products */;
			projectDirPath = "";
			projectRoot = "";
			targets = (
				EC5981BB2B18ADF1002D0E50 /* SwiftUIFirebaseChat */,
			);
		};
/* End PBXProject section */

/* Begin PBXResourcesBuildPhase section */
		EC5981BA2B18ADF1002D0E50 /* Resources */ = {
			isa = PBXResourcesBuildPhase;
			buildActionMask = 2147483647;
			files = (
				EC5981C72B18ADF2002D0E50 /* Preview Assets.xcassets in Resources */,
				EC5981C42B18ADF2002D0E50 /* Assets.xcassets in Resources */,
				EC5981D32B18BF10002D0E50 /* GoogleService-Info.plist in Resources */,
			);
			runOnlyForDeploymentPostprocessing = 0;
		};
/* End PBXResourcesBuildPhase section */

/* Begin PBXSourcesBuildPhase section */
		EC5981B82B18ADF1002D0E50 /* Sources */ = {
			isa = PBXSourcesBuildPhase;
			buildActionMask = 2147483647;
			files = (
				EC5981C22B18ADF1002D0E50 /* LoginView.swift in Sources */,
				EC5981C02B18ADF1002D0E50 /* SwiftUIFirebaseChatApp.swift in Sources */,
				EC5981D52B18C6AF002D0E50 /* ImagePicker.swift in Sources */,
			);
			runOnlyForDeploymentPostprocessing = 0;
		};
/* End PBXSourcesBuildPhase section */

/* Begin XCBuildConfiguration section */
		EC5981C82B18ADF2002D0E50 /* Debug */ = {
			isa = XCBuildConfiguration;
			buildSettings = {
				ALWAYS_SEARCH_USER_PATHS = NO;
				ASSETCATALOG_COMPILER_GENERATE_SWIFT_ASSET_SYMBOL_EXTENSIONS = YES;
				CLANG_ANALYZER_NONNULL = YES;
				CLANG_ANALYZER_NUMBER_OBJECT_CONVERSION = YES_AGGRESSIVE;
				CLANG_CXX_LANGUAGE_STANDARD = "gnu++20";
				CLANG_ENABLE_MODULES = YES;
				CLANG_ENABLE_OBJC_ARC = YES;
				CLANG_ENABLE_OBJC_WEAK = YES;
				CLANG_WARN_BLOCK_CAPTURE_AUTORELEASING = YES;
				CLANG_WARN_BOOL_CONVERSION = YES;
				CLANG_WARN_COMMA = YES;
				CLANG_WARN_CONSTANT_CONVERSION = YES;
				CLANG_WARN_DEPRECATED_OBJC_IMPLEMENTATIONS = YES;
				CLANG_WARN_DIRECT_OBJC_ISA_USAGE = YES_ERROR;
				CLANG_WARN_DOCUMENTATION_COMMENTS = YES;
				CLANG_WARN_EMPTY_BODY = YES;
				CLANG_WARN_ENUM_CONVERSION = YES;
				CLANG_WARN_INFINITE_RECURSION = YES;
				CLANG_WARN_INT_CONVERSION = YES;
				CLANG_WARN_NON_LITERAL_NULL_CONVERSION = YES;
				CLANG_WARN_OBJC_IMPLICIT_RETAIN_SELF = YES;
				CLANG_WARN_OBJC_LITERAL_CONVERSION = YES;
				CLANG_WARN_OBJC_ROOT_CLASS = YES_ERROR;
				CLANG_WARN_QUOTED_INCLUDE_IN_FRAMEWORK_HEADER = YES;
				CLANG_WARN_RANGE_LOOP_ANALYSIS = YES;
				CLANG_WARN_STRICT_PROTOTYPES = YES;
				CLANG_WARN_SUSPICIOUS_MOVE = YES;
				CLANG_WARN_UNGUARDED_AVAILABILITY = YES_AGGRESSIVE;
				CLANG_WARN_UNREACHABLE_CODE = YES;
				CLANG_WARN__DUPLICATE_METHOD_MATCH = YES;
				COPY_PHASE_STRIP = NO;
				DEBUG_INFORMATION_FORMAT = dwarf;
				ENABLE_STRICT_OBJC_MSGSEND = YES;
				ENABLE_TESTABILITY = YES;
				ENABLE_USER_SCRIPT_SANDBOXING = YES;
				GCC_C_LANGUAGE_STANDARD = gnu17;
				GCC_DYNAMIC_NO_PIC = NO;
				GCC_NO_COMMON_BLOCKS = YES;
				GCC_OPTIMIZATION_LEVEL = 0;
				GCC_PREPROCESSOR_DEFINITIONS = (
					"DEBUG=1",
					"$(inherited)",
				);
				GCC_WARN_64_TO_32_BIT_CONVERSION = YES;
				GCC_WARN_ABOUT_RETURN_TYPE = YES_ERROR;
				GCC_WARN_UNDECLARED_SELECTOR = YES;
				GCC_WARN_UNINITIALIZED_AUTOS = YES_AGGRESSIVE;
				GCC_WARN_UNUSED_FUNCTION = YES;
				GCC_WARN_UNUSED_VARIABLE = YES;
				IPHONEOS_DEPLOYMENT_TARGET = 17.0;
				LOCALIZATION_PREFERS_STRING_CATALOGS = YES;
				MTL_ENABLE_DEBUG_INFO = INCLUDE_SOURCE;
				MTL_FAST_MATH = YES;
				ONLY_ACTIVE_ARCH = YES;
				SDKROOT = iphoneos;
				SWIFT_ACTIVE_COMPILATION_CONDITIONS = "DEBUG $(inherited)";
				SWIFT_OPTIMIZATION_LEVEL = "-Onone";
			};
			name = Debug;
		};
		EC5981C92B18ADF2002D0E50 /* Release */ = {
			isa = XCBuildConfiguration;
			buildSettings = {
				ALWAYS_SEARCH_USER_PATHS = NO;
				ASSETCATALOG_COMPILER_GENERATE_SWIFT_ASSET_SYMBOL_EXTENSIONS = YES;
				CLANG_ANALYZER_NONNULL = YES;
				CLANG_ANALYZER_NUMBER_OBJECT_CONVERSION = YES_AGGRESSIVE;
				CLANG_CXX_LANGUAGE_STANDARD = "gnu++20";
				CLANG_ENABLE_MODULES = YES;
				CLANG_ENABLE_OBJC_ARC = YES;
				CLANG_ENABLE_OBJC_WEAK = YES;
				CLANG_WARN_BLOCK_CAPTURE_AUTORELEASING = YES;
				CLANG_WARN_BOOL_CONVERSION = YES;
				CLANG_WARN_COMMA = YES;
				CLANG_WARN_CONSTANT_CONVERSION = YES;
				CLANG_WARN_DEPRECATED_OBJC_IMPLEMENTATIONS = YES;
				CLANG_WARN_DIRECT_OBJC_ISA_USAGE = YES_ERROR;
				CLANG_WARN_DOCUMENTATION_COMMENTS = YES;
				CLANG_WARN_EMPTY_BODY = YES;
				CLANG_WARN_ENUM_CONVERSION = YES;
				CLANG_WARN_INFINITE_RECURSION = YES;
				CLANG_WARN_INT_CONVERSION = YES;
				CLANG_WARN_NON_LITERAL_NULL_CONVERSION = YES;
				CLANG_WARN_OBJC_IMPLICIT_RETAIN_SELF = YES;
				CLANG_WARN_OBJC_LITERAL_CONVERSION = YES;
				CLANG_WARN_OBJC_ROOT_CLASS = YES_ERROR;
				CLANG_WARN_QUOTED_INCLUDE_IN_FRAMEWORK_HEADER = YES;
				CLANG_WARN_RANGE_LOOP_ANALYSIS = YES;
				CLANG_WARN_STRICT_PROTOTYPES = YES;
				CLANG_WARN_SUSPICIOUS_MOVE = YES;
				CLANG_WARN_UNGUARDED_AVAILABILITY = YES_AGGRESSIVE;
				CLANG_WARN_UNREACHABLE_CODE = YES;
				CLANG_WARN__DUPLICATE_METHOD_MATCH = YES;
				COPY_PHASE_STRIP = NO;
				DEBUG_INFORMATION_FORMAT = "dwarf-with-dsym";
				ENABLE_NS_ASSERTIONS = NO;
				ENABLE_STRICT_OBJC_MSGSEND = YES;
				ENABLE_USER_SCRIPT_SANDBOXING = YES;
				GCC_C_LANGUAGE_STANDARD = gnu17;
				GCC_NO_COMMON_BLOCKS = YES;
				GCC_WARN_64_TO_32_BIT_CONVERSION = YES;
				GCC_WARN_ABOUT_RETURN_TYPE = YES_ERROR;
				GCC_WARN_UNDECLARED_SELECTOR = YES;
				GCC_WARN_UNINITIALIZED_AUTOS = YES_AGGRESSIVE;
				GCC_WARN_UNUSED_FUNCTION = YES;
				GCC_WARN_UNUSED_VARIABLE = YES;
				IPHONEOS_DEPLOYMENT_TARGET = 17.0;
				LOCALIZATION_PREFERS_STRING_CATALOGS = YES;
				MTL_ENABLE_DEBUG_INFO = NO;
				MTL_FAST_MATH = YES;
				SDKROOT = iphoneos;
				SWIFT_COMPILATION_MODE = wholemodule;
				VALIDATE_PRODUCT = YES;
			};
			name = Release;
		};
		EC5981CB2B18ADF2002D0E50 /* Debug */ = {
			isa = XCBuildConfiguration;
			buildSettings = {
				ASSETCATALOG_COMPILER_APPICON_NAME = AppIcon;
				ASSETCATALOG_COMPILER_GLOBAL_ACCENT_COLOR_NAME = AccentColor;
				CODE_SIGN_STYLE = Automatic;
				CURRENT_PROJECT_VERSION = 1;
				DEVELOPMENT_ASSET_PATHS = "\"SwiftUIFirebaseChat/Preview Content\"";
				DEVELOPMENT_TEAM = 3496F3A4HL;
				ENABLE_PREVIEWS = YES;
				GENERATE_INFOPLIST_FILE = YES;
				INFOPLIST_KEY_UIApplicationSceneManifest_Generation = YES;
				INFOPLIST_KEY_UIApplicationSupportsIndirectInputEvents = YES;
				INFOPLIST_KEY_UILaunchScreen_Generation = YES;
				INFOPLIST_KEY_UISupportedInterfaceOrientations_iPad = "UIInterfaceOrientationPortrait UIInterfaceOrientationPortraitUpsideDown UIInterfaceOrientationLandscapeLeft UIInterfaceOrientationLandscapeRight";
				INFOPLIST_KEY_UISupportedInterfaceOrientations_iPhone = "UIInterfaceOrientationPortrait UIInterfaceOrientationLandscapeLeft UIInterfaceOrientationLandscapeRight";
				LD_RUNPATH_SEARCH_PATHS = (
					"$(inherited)",
					"@executable_path/Frameworks",
				);
				MARKETING_VERSION = 1.0;
				PRODUCT_BUNDLE_IDENTIFIER = com.my.SwiftUIFirebaseChat;
				PRODUCT_NAME = "$(TARGET_NAME)";
				SWIFT_EMIT_LOC_STRINGS = YES;
				SWIFT_VERSION = 5.0;
				TARGETED_DEVICE_FAMILY = "1,2";
			};
			name = Debug;
		};
		EC5981CC2B18ADF2002D0E50 /* Release */ = {
			isa = XCBuildConfiguration;
			buildSettings = {
				ASSETCATALOG_COMPILER_APPICON_NAME = AppIcon;
				ASSETCATALOG_COMPILER_GLOBAL_ACCENT_COLOR_NAME = AccentColor;
				CODE_SIGN_STYLE = Automatic;
				CURRENT_PROJECT_VERSION = 1;
				DEVELOPMENT_ASSET_PATHS = "\"SwiftUIFirebaseChat/Preview Content\"";
				DEVELOPMENT_TEAM = 3496F3A4HL;
				ENABLE_PREVIEWS = YES;
				GENERATE_INFOPLIST_FILE = YES;
				INFOPLIST_KEY_UIApplicationSceneManifest_Generation = YES;
				INFOPLIST_KEY_UIApplicationSupportsIndirectInputEvents = YES;
				INFOPLIST_KEY_UILaunchScreen_Generation = YES;
				INFOPLIST_KEY_UISupportedInterfaceOrientations_iPad = "UIInterfaceOrientationPortrait UIInterfaceOrientationPortraitUpsideDown UIInterfaceOrientationLandscapeLeft UIInterfaceOrientationLandscapeRight";
				INFOPLIST_KEY_UISupportedInterfaceOrientations_iPhone = "UIInterfaceOrientationPortrait UIInterfaceOrientationLandscapeLeft UIInterfaceOrientationLandscapeRight";
				LD_RUNPATH_SEARCH_PATHS = (
					"$(inherited)",
					"@executable_path/Frameworks",
				);
				MARKETING_VERSION = 1.0;
				PRODUCT_BUNDLE_IDENTIFIER = com.my.SwiftUIFirebaseChat;
				PRODUCT_NAME = "$(TARGET_NAME)";
				SWIFT_EMIT_LOC_STRINGS = YES;
				SWIFT_VERSION = 5.0;
				TARGETED_DEVICE_FAMILY = "1,2";
			};
			name = Release;
		};
/* End XCBuildConfiguration section */

/* Begin XCConfigurationList section */
		EC5981B72B18ADF1002D0E50 /* Build configuration list for PBXProject "SwiftUIFirebaseChat" */ = {
			isa = XCConfigurationList;
			buildConfigurations = (
				EC5981C82B18ADF2002D0E50 /* Debug */,
				EC5981C92B18ADF2002D0E50 /* Release */,
			);
			defaultConfigurationIsVisible = 0;
			defaultConfigurationName = Release;
		};
		EC5981CA2B18ADF2002D0E50 /* Build configuration list for PBXNativeTarget "SwiftUIFirebaseChat" */ = {
			isa = XCConfigurationList;
			buildConfigurations = (
				EC5981CB2B18ADF2002D0E50 /* Debug */,
				EC5981CC2B18ADF2002D0E50 /* Release */,
			);
			defaultConfigurationIsVisible = 0;
			defaultConfigurationName = Release;
		};
/* End XCConfigurationList section */

/* Begin XCRemoteSwiftPackageReference section */
		EC5981CD2B18BCF1002D0E50 /* XCRemoteSwiftPackageReference "firebase-ios-sdk" */ = {
			isa = XCRemoteSwiftPackageReference;
			repositoryURL = "https://github.com/firebase/firebase-ios-sdk";
			requirement = {
				kind = upToNextMajorVersion;
				minimumVersion = 10.18.0;
			};
		};
/* End XCRemoteSwiftPackageReference section */

/* Begin XCSwiftPackageProductDependency section */
		EC5981CE2B18BCF1002D0E50 /* FirebaseAuth */ = {
			isa = XCSwiftPackageProductDependency;
			package = EC5981CD2B18BCF1002D0E50 /* XCRemoteSwiftPackageReference "firebase-ios-sdk" */;
			productName = FirebaseAuth;
		};
		EC5981D02B18BCF1002D0E50 /* FirebaseStorage */ = {
			isa = XCSwiftPackageProductDependency;
			package = EC5981CD2B18BCF1002D0E50 /* XCRemoteSwiftPackageReference "firebase-ios-sdk" */;
			productName = FirebaseStorage;
		};
		EC70422F2B18DC200037C343 /* FirebaseAuth */ = {
			isa = XCSwiftPackageProductDependency;
			package = EC5981CD2B18BCF1002D0E50 /* XCRemoteSwiftPackageReference "firebase-ios-sdk" */;
			productName = FirebaseAuth;
		};
		EC7042312B18DC200037C343 /* FirebaseFirestore */ = {
			isa = XCSwiftPackageProductDependency;
			package = EC5981CD2B18BCF1002D0E50 /* XCRemoteSwiftPackageReference "firebase-ios-sdk" */;
			productName = FirebaseFirestore;
		};
		EC7042332B18DC200037C343 /* FirebaseStorage */ = {
			isa = XCSwiftPackageProductDependency;
			package = EC5981CD2B18BCF1002D0E50 /* XCRemoteSwiftPackageReference "firebase-ios-sdk" */;
			productName = FirebaseStorage;
		};
/* End XCSwiftPackageProductDependency section */
	};
	rootObject = EC5981B42B18ADF1002D0E50 /* Project object */;
}
